<Solution>
  <Folder Name="/Insurance-Backend/">
    <Project Path="Insurance-Backend/Insurance.Api/Insurance.Api.csproj" />
    <Project Path="Insurance-Backend/Insurance.Core/Insurance.Core.csproj" />
    <Project Path="Insurance-Backend/Insurance.Infrastructure/Insurance.Infrastructure.csproj" />
  </Folder>
</Solution>
